// !$*UTF8*$!
{
	archiveVersion = 1;
	classes = {
	};
	objectVersion = 56;
	objects = {

/* Begin PBXBuildFile section */
		5279F8D32AE16B2000BF57A9 /* AppDelegate.swift in Sources */ = {isa = PBXBuildFile; fileRef = 5279F8D22AE16B2000BF57A9 /* AppDelegate.swift */; };
		5279F8D52AE16B2000BF57A9 /* SceneDelegate.swift in Sources */ = {isa = PBXBuildFile; fileRef = 5279F8D42AE16B2000BF57A9 /* SceneDelegate.swift */; };
		5279F8D72AE16B2000BF57A9 /* ViewController.swift in Sources */ = {isa = PBXBuildFile; fileRef = 5279F8D62AE16B2000BF57A9 /* ViewController.swift */; };
		5279F8DA2AE16B2000BF57A9 /* Main.storyboard in Resources */ = {isa = PBXBuildFile; fileRef = 5279F8D82AE16B2000BF57A9 /* Main.storyboard */; };
		5279F8DC2AE16B2100BF57A9 /* Assets.xcassets in Resources */ = {isa = PBXBuildFile; fileRef = 5279F8DB2AE16B2100BF57A9 /* Assets.xcassets */; };
		5279F8DF2AE16B2100BF57A9 /* LaunchScreen.storyboard in Resources */ = {isa = PBXBuildFile; fileRef = 5279F8DD2AE16B2100BF57A9 /* LaunchScreen.storyboard */; };
		5279F8EA2AE16B2200BF57A9 /* DropDownControlTests.swift in Sources */ = {isa = PBXBuildFile; fileRef = 5279F8E92AE16B2200BF57A9 /* DropDownControlTests.swift */; };
		5279F8F42AE16B2200BF57A9 /* DropDownControlUITests.swift in Sources */ = {isa = PBXBuildFile; fileRef = 5279F8F32AE16B2200BF57A9 /* DropDownControlUITests.swift */; };
		5279F8F62AE16B2200BF57A9 /* DropDownControlUITestsLaunchTests.swift in Sources */ = {isa = PBXBuildFile; fileRef = 5279F8F52AE16B2200BF57A9 /* DropDownControlUITestsLaunchTests.swift */; };
		5279F9072AE16B7600BF57A9 /* DropDownControl.swift in Sources */ = {isa = PBXBuildFile; fileRef = 5279F9042AE16B7600BF57A9 /* DropDownControl.swift */; };
		5279F9082AE16B7600BF57A9 /* DropDownBouquet.swift in Sources */ = {isa = PBXBuildFile; fileRef = 5279F9052AE16B7600BF57A9 /* DropDownBouquet.swift */; };
		5279F9092AE16B7600BF57A9 /* DropDownCell.swift in Sources */ = {isa = PBXBuildFile; fileRef = 5279F9062AE16B7600BF57A9 /* DropDownCell.swift */; };
		529BC4F32C0D922600A9F6F7 /* DropDownConfig.swift in Sources */ = {isa = PBXBuildFile; fileRef = 529BC4F22C0D922600A9F6F7 /* DropDownConfig.swift */; };
/* End PBXBuildFile section */

/* Begin PBXContainerItemProxy section */
		5279F8E62AE16B2200BF57A9 /* PBXContainerItemProxy */ = {
			isa = PBXContainerItemProxy;
			containerPortal = 5279F8C72AE16B2000BF57A9 /* Project object */;
			proxyType = 1;
			remoteGlobalIDString = 5279F8CE2AE16B2000BF57A9;
			remoteInfo = DropDownControl;
		};
		5279F8F02AE16B2200BF57A9 /* PBXContainerItemProxy */ = {
			isa = PBXContainerItemProxy;
			containerPortal = 5279F8C72AE16B2000BF57A9 /* Project object */;
			proxyType = 1;
			remoteGlobalIDString = 5279F8CE2AE16B2000BF57A9;
			remoteInfo = DropDownControl;
		};
/* End PBXContainerItemProxy section */

/* Begin PBXFileReference section */
		5279F8CF2AE16B2000BF57A9 /* DropDownControl.app */ = {isa = PBXFileReference; explicitFileType = wrapper.application; includeInIndex = 0; path = DropDownControl.app; sourceTree = BUILT_PRODUCTS_DIR; };
		5279F8D22AE16B2000BF57A9 /* AppDelegate.swift */ = {isa = PBXFileReference; lastKnownFileType = sourcecode.swift; path = AppDelegate.swift; sourceTree = "<group>"; };
		5279F8D42AE16B2000BF57A9 /* SceneDelegate.swift */ = {isa = PBXFileReference; lastKnownFileType = sourcecode.swift; path = SceneDelegate.swift; sourceTree = "<group>"; };
		5279F8D62AE16B2000BF57A9 /* ViewController.swift */ = {isa = PBXFileReference; lastKnownFileType = sourcecode.swift; path = ViewController.swift; sourceTree = "<group>"; };
		5279F8D92AE16B2000BF57A9 /* Base */ = {isa = PBXFileReference; lastKnownFileType = file.storyboard; name = Base; path = Base.lproj/Main.storyboard; sourceTree = "<group>"; };
		5279F8DB2AE16B2100BF57A9 /* Assets.xcassets */ = {isa = PBXFileReference; lastKnownFileType = folder.assetcatalog; path = Assets.xcassets; sourceTree = "<group>"; };
		5279F8DE2AE16B2100BF57A9 /* Base */ = {isa = PBXFileReference; lastKnownFileType = file.storyboard; name = Base; path = Base.lproj/LaunchScreen.storyboard; sourceTree = "<group>"; };
		5279F8E02AE16B2100BF57A9 /* Info.plist */ = {isa = PBXFileReference; lastKnownFileType = text.plist.xml; path = Info.plist; sourceTree = "<group>"; };
		5279F8E52AE16B2200BF57A9 /* DropDownControlTests.xctest */ = {isa = PBXFileReference; explicitFileType = wrapper.cfbundle; includeInIndex = 0; path = DropDownControlTests.xctest; sourceTree = BUILT_PRODUCTS_DIR; };
		5279F8E92AE16B2200BF57A9 /* DropDownControlTests.swift */ = {isa = PBXFileReference; lastKnownFileType = sourcecode.swift; path = DropDownControlTests.swift; sourceTree = "<group>"; };
		5279F8EF2AE16B2200BF57A9 /* DropDownControlUITests.xctest */ = {isa = PBXFileReference; explicitFileType = wrapper.cfbundle; includeInIndex = 0; path = DropDownControlUITests.xctest; sourceTree = BUILT_PRODUCTS_DIR; };
		5279F8F32AE16B2200BF57A9 /* DropDownControlUITests.swift */ = {isa = PBXFileReference; lastKnownFileType = sourcecode.swift; path = DropDownControlUITests.swift; sourceTree = "<group>"; };
		5279F8F52AE16B2200BF57A9 /* DropDownControlUITestsLaunchTests.swift */ = {isa = PBXFileReference; lastKnownFileType = sourcecode.swift; path = DropDownControlUITestsLaunchTests.swift; sourceTree = "<group>"; };
		5279F9042AE16B7600BF57A9 /* DropDownControl.swift */ = {isa = PBXFileReference; fileEncoding = 4; lastKnownFileType = sourcecode.swift; name = DropDownControl.swift; path = ../../Sources/DropDownControl/DropDownControl.swift; sourceTree = "<group>"; };
		5279F9052AE16B7600BF57A9 /* DropDownBouquet.swift */ = {isa = PBXFileReference; fileEncoding = 4; lastKnownFileType = sourcecode.swift; name = DropDownBouquet.swift; path = ../../Sources/DropDownControl/DropDownBouquet.swift; sourceTree = "<group>"; };
		5279F9062AE16B7600BF57A9 /* DropDownCell.swift */ = {isa = PBXFileReference; fileEncoding = 4; lastKnownFileType = sourcecode.swift; name = DropDownCell.swift; path = ../../Sources/DropDownControl/DropDownCell.swift; sourceTree = "<group>"; };
		529BC4F22C0D922600A9F6F7 /* DropDownConfig.swift */ = {isa = PBXFileReference; lastKnownFileType = sourcecode.swift; path = DropDownConfig.swift; sourceTree = "<group>"; };
/* End PBXFileReference section */

/* Begin PBXFrameworksBuildPhase section */
		5279F8CC2AE16B2000BF57A9 /* Frameworks */ = {
			isa = PBXFrameworksBuildPhase;
			buildActionMask = 2147483647;
			files = (
			);
			runOnlyForDeploymentPostprocessing = 0;
		};
		5279F8E22AE16B2200BF57A9 /* Frameworks */ = {
			isa = PBXFrameworksBuildPhase;
			buildActionMask = 2147483647;
			files = (
			);
			runOnlyForDeploymentPostprocessing = 0;
		};
		5279F8EC2AE16B2200BF57A9 /* Frameworks */ = {
			isa = PBXFrameworksBuildPhase;
			buildActionMask = 2147483647;
			files = (
			);
			runOnlyForDeploymentPostprocessing = 0;
		};
/* End PBXFrameworksBuildPhase section */

/* Begin PBXGroup section */
		5279F8C62AE16B2000BF57A9 = {
			isa = PBXGroup;
			children = (
				5279F8D12AE16B2000BF57A9 /* DropDownControl */,
				5279F8E82AE16B2200BF57A9 /* DropDownControlTests */,
				5279F8F22AE16B2200BF57A9 /* DropDownControlUITests */,
				5279F8D02AE16B2000BF57A9 /* Products */,
			);
			sourceTree = "<group>";
		};
		5279F8D02AE16B2000BF57A9 /* Products */ = {
			isa = PBXGroup;
			children = (
				5279F8CF2AE16B2000BF57A9 /* DropDownControl.app */,
				5279F8E52AE16B2200BF57A9 /* DropDownControlTests.xctest */,
				5279F8EF2AE16B2200BF57A9 /* DropDownControlUITests.xctest */,
			);
			name = Products;
			sourceTree = "<group>";
		};
		5279F8D12AE16B2000BF57A9 /* DropDownControl */ = {
			isa = PBXGroup;
			children = (
				5279F9032AE16B6500BF57A9 /* Sources */,
				5279F8D22AE16B2000BF57A9 /* AppDelegate.swift */,
				5279F8D42AE16B2000BF57A9 /* SceneDelegate.swift */,
				5279F8D62AE16B2000BF57A9 /* ViewController.swift */,
				5279F8D82AE16B2000BF57A9 /* Main.storyboard */,
				5279F8DB2AE16B2100BF57A9 /* Assets.xcassets */,
				5279F8DD2AE16B2100BF57A9 /* LaunchScreen.storyboard */,
				5279F8E02AE16B2100BF57A9 /* Info.plist */,
			);
			path = DropDownControl;
			sourceTree = "<group>";
		};
		5279F8E82AE16B2200BF57A9 /* DropDownControlTests */ = {
			isa = PBXGroup;
			children = (
				5279F8E92AE16B2200BF57A9 /* DropDownControlTests.swift */,
			);
			path = DropDownControlTests;
			sourceTree = "<group>";
		};
		5279F8F22AE16B2200BF57A9 /* DropDownControlUITests */ = {
			isa = PBXGroup;
			children = (
				5279F8F32AE16B2200BF57A9 /* DropDownControlUITests.swift */,
				5279F8F52AE16B2200BF57A9 /* DropDownControlUITestsLaunchTests.swift */,
			);
			path = DropDownControlUITests;
			sourceTree = "<group>";
		};
		5279F9032AE16B6500BF57A9 /* Sources */ = {
			isa = PBXGroup;
			children = (
				5279F9042AE16B7600BF57A9 /* DropDownControl.swift */,
				5279F9052AE16B7600BF57A9 /* DropDownBouquet.swift */,
				5279F9062AE16B7600BF57A9 /* DropDownCell.swift */,
				529BC4F22C0D922600A9F6F7 /* DropDownConfig.swift */,
			);
			name = Sources;
			sourceTree = "<group>";
		};
/* End PBXGroup section */

/* Begin PBXNativeTarget section */
		5279F8CE2AE16B2000BF57A9 /* DropDownControl */ = {
			isa = PBXNativeTarget;
			buildConfigurationList = 5279F8F92AE16B2200BF57A9 /* Build configuration list for PBXNativeTarget "DropDownControl" */;
			buildPhases = (
				5279F8CB2AE16B2000BF57A9 /* Sources */,
				5279F8CC2AE16B2000BF57A9 /* Frameworks */,
				5279F8CD2AE16B2000BF57A9 /* Resources */,
			);
			buildRules = (
			);
			dependencies = (
			);
			name = DropDownControl;
			productName = DropDownControl;
			productReference = 5279F8CF2AE16B2000BF57A9 /* DropDownControl.app */;
			productType = "com.apple.product-type.application";
		};
		5279F8E42AE16B2200BF57A9 /* DropDownControlTests */ = {
			isa = PBXNativeTarget;
			buildConfigurationList = 5279F8FC2AE16B2200BF57A9 /* Build configuration list for PBXNativeTarget "DropDownControlTests" */;
			buildPhases = (
				5279F8E12AE16B2200BF57A9 /* Sources */,
				5279F8E22AE16B2200BF57A9 /* Frameworks */,
				5279F8E32AE16B2200BF57A9 /* Resources */,
			);
			buildRules = (
			);
			dependencies = (
				5279F8E72AE16B2200BF57A9 /* PBXTargetDependency */,
			);
			name = DropDownControlTests;
			productName = DropDownControlTests;
			productReference = 5279F8E52AE16B2200BF57A9 /* DropDownControlTests.xctest */;
			productType = "com.apple.product-type.bundle.unit-test";
		};
		5279F8EE2AE16B2200BF57A9 /* DropDownControlUITests */ = {
			isa = PBXNativeTarget;
			buildConfigurationList = 5279F8FF2AE16B2200BF57A9 /* Build configuration list for PBXNativeTarget "DropDownControlUITests" */;
			buildPhases = (
				5279F8EB2AE16B2200BF57A9 /* Sources */,
				5279F8EC2AE16B2200BF57A9 /* Frameworks */,
				5279F8ED2AE16B2200BF57A9 /* Resources */,
			);
			buildRules = (
			);
			dependencies = (
				5279F8F12AE16B2200BF57A9 /* PBXTargetDependency */,
			);
			name = DropDownControlUITests;
			productName = DropDownControlUITests;
			productReference = 5279F8EF2AE16B2200BF57A9 /* DropDownControlUITests.xctest */;
			productType = "com.apple.product-type.bundle.ui-testing";
		};
/* End PBXNativeTarget section */

/* Begin PBXProject section */
		5279F8C72AE16B2000BF57A9 /* Project object */ = {
			isa = PBXProject;
			attributes = {
				BuildIndependentTargetsInParallel = 1;
				LastSwiftUpdateCheck = 1500;
				LastUpgradeCheck = 1500;
				TargetAttributes = {
					5279F8CE2AE16B2000BF57A9 = {
						CreatedOnToolsVersion = 15.0;
					};
					5279F8E42AE16B2200BF57A9 = {
						CreatedOnToolsVersion = 15.0;
						TestTargetID = 5279F8CE2AE16B2000BF57A9;
					};
					5279F8EE2AE16B2200BF57A9 = {
						CreatedOnToolsVersion = 15.0;
						TestTargetID = 5279F8CE2AE16B2000BF57A9;
					};
				};
			};
			buildConfigurationList = 5279F8CA2AE16B2000BF57A9 /* Build configuration list for PBXProject "DropDownControl" */;
			compatibilityVersion = "Xcode 14.0";
			developmentRegion = en;
			hasScannedForEncodings = 0;
			knownRegions = (
				en,
				Base,
			);
			mainGroup = 5279F8C62AE16B2000BF57A9;
			productRefGroup = 5279F8D02AE16B2000BF57A9 /* Products */;
			projectDirPath = "";
			projectRoot = "";
			targets = (
				5279F8CE2AE16B2000BF57A9 /* DropDownControl */,
				5279F8E42AE16B2200BF57A9 /* DropDownControlTests */,
				5279F8EE2AE16B2200BF57A9 /* DropDownControlUITests */,
			);
		};
/* End PBXProject section */

/* Begin PBXResourcesBuildPhase section */
		5279F8CD2AE16B2000BF57A9 /* Resources */ = {
			isa = PBXResourcesBuildPhase;
			buildActionMask = 2147483647;
			files = (
				5279F8DF2AE16B2100BF57A9 /* LaunchScreen.storyboard in Resources */,
				5279F8DC2AE16B2100BF57A9 /* Assets.xcassets in Resources */,
				5279F8DA2AE16B2000BF57A9 /* Main.storyboard in Resources */,
			);
			runOnlyForDeploymentPostprocessing = 0;
		};
		5279F8E32AE16B2200BF57A9 /* Resources */ = {
			isa = PBXResourcesBuildPhase;
			buildActionMask = 2147483647;
			files = (
			);
			runOnlyForDeploymentPostprocessing = 0;
		};
		5279F8ED2AE16B2200BF57A9 /* Resources */ = {
			isa = PBXResourcesBuildPhase;
			buildActionMask = 2147483647;
			files = (
			);
			runOnlyForDeploymentPostprocessing = 0;
		};
/* End PBXResourcesBuildPhase section */

/* Begin PBXSourcesBuildPhase section */
		5279F8CB2AE16B2000BF57A9 /* Sources */ = {
			isa = PBXSourcesBuildPhase;
			buildActionMask = 2147483647;
			files = (
				5279F9082AE16B7600BF57A9 /* DropDownBouquet.swift in Sources */,
				5279F8D72AE16B2000BF57A9 /* ViewController.swift in Sources */,
				5279F8D32AE16B2000BF57A9 /* AppDelegate.swift in Sources */,
				5279F9072AE16B7600BF57A9 /* DropDownControl.swift in Sources */,
				5279F9092AE16B7600BF57A9 /* DropDownCell.swift in Sources */,
				529BC4F32C0D922600A9F6F7 /* DropDownConfig.swift in Sources */,
				5279F8D52AE16B2000BF57A9 /* SceneDelegate.swift in Sources */,
			);
			runOnlyForDeploymentPostprocessing = 0;
		};
		5279F8E12AE16B2200BF57A9 /* Sources */ = {
			isa = PBXSourcesBuildPhase;
			buildActionMask = 2147483647;
			files = (
				5279F8EA2AE16B2200BF57A9 /* DropDownControlTests.swift in Sources */,
			);
			runOnlyForDeploymentPostprocessing = 0;
		};
		5279F8EB2AE16B2200BF57A9 /* Sources */ = {
			isa = PBXSourcesBuildPhase;
			buildActionMask = 2147483647;
			files = (
				5279F8F42AE16B2200BF57A9 /* DropDownControlUITests.swift in Sources */,
				5279F8F62AE16B2200BF57A9 /* DropDownControlUITestsLaunchTests.swift in Sources */,
			);
			runOnlyForDeploymentPostprocessing = 0;
		};
/* End PBXSourcesBuildPhase section */

/* Begin PBXTargetDependency section */
		5279F8E72AE16B2200BF57A9 /* PBXTargetDependency */ = {
			isa = PBXTargetDependency;
			target = 5279F8CE2AE16B2000BF57A9 /* DropDownControl */;
			targetProxy = 5279F8E62AE16B2200BF57A9 /* PBXContainerItemProxy */;
		};
		5279F8F12AE16B2200BF57A9 /* PBXTargetDependency */ = {
			isa = PBXTargetDependency;
			target = 5279F8CE2AE16B2000BF57A9 /* DropDownControl */;
			targetProxy = 5279F8F02AE16B2200BF57A9 /* PBXContainerItemProxy */;
		};
/* End PBXTargetDependency section */

/* Begin PBXVariantGroup section */
		5279F8D82AE16B2000BF57A9 /* Main.storyboard */ = {
			isa = PBXVariantGroup;
			children = (
				5279F8D92AE16B2000BF57A9 /* Base */,
			);
			name = Main.storyboard;
			sourceTree = "<group>";
		};
		5279F8DD2AE16B2100BF57A9 /* LaunchScreen.storyboard */ = {
			isa = PBXVariantGroup;
			children = (
				5279F8DE2AE16B2100BF57A9 /* Base */,
			);
			name = LaunchScreen.storyboard;
			sourceTree = "<group>";
		};
/* End PBXVariantGroup section */

/* Begin XCBuildConfiguration section */
		5279F8F72AE16B2200BF57A9 /* Debug */ = {
			isa = XCBuildConfiguration;
			buildSettings = {
				ALWAYS_SEARCH_USER_PATHS = NO;
				ASSETCATALOG_COMPILER_GENERATE_SWIFT_ASSET_SYMBOL_EXTENSIONS = YES;
				CLANG_ANALYZER_NONNULL = YES;
				CLANG_ANALYZER_NUMBER_OBJECT_CONVERSION = YES_AGGRESSIVE;
				CLANG_CXX_LANGUAGE_STANDARD = "gnu++20";
				CLANG_ENABLE_MODULES = YES;
				CLANG_ENABLE_OBJC_ARC = YES;
				CLANG_ENABLE_OBJC_WEAK = YES;
				CLANG_WARN_BLOCK_CAPTURE_AUTORELEASING = YES;
				CLANG_WARN_BOOL_CONVERSION = YES;
				CLANG_WARN_COMMA = YES;
				CLANG_WARN_CONSTANT_CONVERSION = YES;
				CLANG_WARN_DEPRECATED_OBJC_IMPLEMENTATIONS = YES;
				CLANG_WARN_DIRECT_OBJC_ISA_USAGE = YES_ERROR;
				CLANG_WARN_DOCUMENTATION_COMMENTS = YES;
				CLANG_WARN_EMPTY_BODY = YES;
				CLANG_WARN_ENUM_CONVERSION = YES;
				CLANG_WARN_INFINITE_RECURSION = YES;
				CLANG_WARN_INT_CONVERSION = YES;
				CLANG_WARN_NON_LITERAL_NULL_CONVERSION = YES;
				CLANG_WARN_OBJC_IMPLICIT_RETAIN_SELF = YES;
				CLANG_WARN_OBJC_LITERAL_CONVERSION = YES;
				CLANG_WARN_OBJC_ROOT_CLASS = YES_ERROR;
				CLANG_WARN_QUOTED_INCLUDE_IN_FRAMEWORK_HEADER = YES;
				CLANG_WARN_RANGE_LOOP_ANALYSIS = YES;
				CLANG_WARN_STRICT_PROTOTYPES = YES;
				CLANG_WARN_SUSPICIOUS_MOVE = YES;
				CLANG_WARN_UNGUARDED_AVAILABILITY = YES_AGGRESSIVE;
				CLANG_WARN_UNREACHABLE_CODE = YES;
				CLANG_WARN__DUPLICATE_METHOD_MATCH = YES;
				COPY_PHASE_STRIP = NO;
				DEBUG_INFORMATION_FORMAT = dwarf;
				ENABLE_STRICT_OBJC_MSGSEND = YES;
				ENABLE_TESTABILITY = YES;
				ENABLE_USER_SCRIPT_SANDBOXING = YES;
				GCC_C_LANGUAGE_STANDARD = gnu17;
				GCC_DYNAMIC_NO_PIC = NO;
				GCC_NO_COMMON_BLOCKS = YES;
				GCC_OPTIMIZATION_LEVEL = 0;
				GCC_PREPROCESSOR_DEFINITIONS = (
					"DEBUG=1",
					"$(inherited)",
				);
				GCC_WARN_64_TO_32_BIT_CONVERSION = YES;
				GCC_WARN_ABOUT_RETURN_TYPE = YES_ERROR;
				GCC_WARN_UNDECLARED_SELECTOR = YES;
				GCC_WARN_UNINITIALIZED_AUTOS = YES_AGGRESSIVE;
				GCC_WARN_UNUSED_FUNCTION = YES;
				GCC_WARN_UNUSED_VARIABLE = YES;
				IPHONEOS_DEPLOYMENT_TARGET = 17.0;
				LOCALIZATION_PREFERS_STRING_CATALOGS = YES;
				MTL_ENABLE_DEBUG_INFO = INCLUDE_SOURCE;
				MTL_FAST_MATH = YES;
				ONLY_ACTIVE_ARCH = YES;
				SDKROOT = iphoneos;
				SWIFT_ACTIVE_COMPILATION_CONDITIONS = "DEBUG $(inherited)";
				SWIFT_OPTIMIZATION_LEVEL = "-Onone";
			};
			name = Debug;
		};
		5279F8F82AE16B2200BF57A9 /* Release */ = {
			isa = XCBuildConfiguration;
			buildSettings = {
				ALWAYS_SEARCH_USER_PATHS = NO;
				ASSETCATALOG_COMPILER_GENERATE_SWIFT_ASSET_SYMBOL_EXTENSIONS = YES;
				CLANG_ANALYZER_NONNULL = YES;
				CLANG_ANALYZER_NUMBER_OBJECT_CONVERSION = YES_AGGRESSIVE;
				CLANG_CXX_LANGUAGE_STANDARD = "gnu++20";
				CLANG_ENABLE_MODULES = YES;
				CLANG_ENABLE_OBJC_ARC = YES;
				CLANG_ENABLE_OBJC_WEAK = YES;
				CLANG_WARN_BLOCK_CAPTURE_AUTORELEASING = YES;
				CLANG_WARN_BOOL_CONVERSION = YES;
				CLANG_WARN_COMMA = YES;
				CLANG_WARN_CONSTANT_CONVERSION = YES;
				CLANG_WARN_DEPRECATED_OBJC_IMPLEMENTATIONS = YES;
				CLANG_WARN_DIRECT_OBJC_ISA_USAGE = YES_ERROR;
				CLANG_WARN_DOCUMENTATION_COMMENTS = YES;
				CLANG_WARN_EMPTY_BODY = YES;
				CLANG_WARN_ENUM_CONVERSION = YES;
				CLANG_WARN_INFINITE_RECURSION = YES;
				CLANG_WARN_INT_CONVERSION = YES;
				CLANG_WARN_NON_LITERAL_NULL_CONVERSION = YES;
				CLANG_WARN_OBJC_IMPLICIT_RETAIN_SELF = YES;
				CLANG_WARN_OBJC_LITERAL_CONVERSION = YES;
				CLANG_WARN_OBJC_ROOT_CLASS = YES_ERROR;
				CLANG_WARN_QUOTED_INCLUDE_IN_FRAMEWORK_HEADER = YES;
				CLANG_WARN_RANGE_LOOP_ANALYSIS = YES;
				CLANG_WARN_STRICT_PROTOTYPES = YES;
				CLANG_WARN_SUSPICIOUS_MOVE = YES;
				CLANG_WARN_UNGUARDED_AVAILABILITY = YES_AGGRESSIVE;
				CLANG_WARN_UNREACHABLE_CODE = YES;
				CLANG_WARN__DUPLICATE_METHOD_MATCH = YES;
				COPY_PHASE_STRIP = NO;
				DEBUG_INFORMATION_FORMAT = "dwarf-with-dsym";
				ENABLE_NS_ASSERTIONS = NO;
				ENABLE_STRICT_OBJC_MSGSEND = YES;
				ENABLE_USER_SCRIPT_SANDBOXING = YES;
				GCC_C_LANGUAGE_STANDARD = gnu17;
				GCC_NO_COMMON_BLOCKS = YES;
				GCC_WARN_64_TO_32_BIT_CONVERSION = YES;
				GCC_WARN_ABOUT_RETURN_TYPE = YES_ERROR;
				GCC_WARN_UNDECLARED_SELECTOR = YES;
				GCC_WARN_UNINITIALIZED_AUTOS = YES_AGGRESSIVE;
				GCC_WARN_UNUSED_FUNCTION = YES;
				GCC_WARN_UNUSED_VARIABLE = YES;
				IPHONEOS_DEPLOYMENT_TARGET = 17.0;
				LOCALIZATION_PREFERS_STRING_CATALOGS = YES;
				MTL_ENABLE_DEBUG_INFO = NO;
				MTL_FAST_MATH = YES;
				SDKROOT = iphoneos;
				SWIFT_COMPILATION_MODE = wholemodule;
				VALIDATE_PRODUCT = YES;
			};
			name = Release;
		};
		5279F8FA2AE16B2200BF57A9 /* Debug */ = {
			isa = XCBuildConfiguration;
			buildSettings = {
				ASSETCATALOG_COMPILER_APPICON_NAME = AppIcon;
				ASSETCATALOG_COMPILER_GLOBAL_ACCENT_COLOR_NAME = AccentColor;
				CODE_SIGN_STYLE = Automatic;
				CURRENT_PROJECT_VERSION = 1;
				DEVELOPMENT_TEAM = K55EW783KQ;
				GENERATE_INFOPLIST_FILE = YES;
				INFOPLIST_FILE = DropDownControl/Info.plist;
				INFOPLIST_KEY_UIApplicationSupportsIndirectInputEvents = YES;
				INFOPLIST_KEY_UILaunchStoryboardName = LaunchScreen;
				INFOPLIST_KEY_UIMainStoryboardFile = Main;
				INFOPLIST_KEY_UISupportedInterfaceOrientations_iPad = "UIInterfaceOrientationPortrait UIInterfaceOrientationPortraitUpsideDown UIInterfaceOrientationLandscapeLeft UIInterfaceOrientationLandscapeRight";
				INFOPLIST_KEY_UISupportedInterfaceOrientations_iPhone = "UIInterfaceOrientationPortrait UIInterfaceOrientationLandscapeLeft UIInterfaceOrientationLandscapeRight";
				LD_RUNPATH_SEARCH_PATHS = (
					"$(inherited)",
					"@executable_path/Frameworks",
				);
				MARKETING_VERSION = 1.0;
				PRODUCT_BUNDLE_IDENTIFIER = tv.iptelevision.DropDownControl;
				PRODUCT_NAME = "$(TARGET_NAME)";
				SWIFT_EMIT_LOC_STRINGS = YES;
				SWIFT_VERSION = 5.0;
				TARGETED_DEVICE_FAMILY = "1,2";
			};
			name = Debug;
		};
		5279F8FB2AE16B2200BF57A9 /* Release */ = {
			isa = XCBuildConfiguration;
			buildSettings = {
				ASSETCATALOG_COMPILER_APPICON_NAME = AppIcon;
				ASSETCATALOG_COMPILER_GLOBAL_ACCENT_COLOR_NAME = AccentColor;
				CODE_SIGN_STYLE = Automatic;
				CURRENT_PROJECT_VERSION = 1;
				DEVELOPMENT_TEAM = K55EW783KQ;
				GENERATE_INFOPLIST_FILE = YES;
				INFOPLIST_FILE = DropDownControl/Info.plist;
				INFOPLIST_KEY_UIApplicationSupportsIndirectInputEvents = YES;
				INFOPLIST_KEY_UILaunchStoryboardName = LaunchScreen;
				INFOPLIST_KEY_UIMainStoryboardFile = Main;
				INFOPLIST_KEY_UISupportedInterfaceOrientations_iPad = "UIInterfaceOrientationPortrait UIInterfaceOrientationPortraitUpsideDown UIInterfaceOrientationLandscapeLeft UIInterfaceOrientationLandscapeRight";
				INFOPLIST_KEY_UISupportedInterfaceOrientations_iPhone = "UIInterfaceOrientationPortrait UIInterfaceOrientationLandscapeLeft UIInterfaceOrientationLandscapeRight";
				LD_RUNPATH_SEARCH_PATHS = (
					"$(inherited)",
					"@executable_path/Frameworks",
				);
				MARKETING_VERSION = 1.0;
				PRODUCT_BUNDLE_IDENTIFIER = tv.iptelevision.DropDownControl;
				PRODUCT_NAME = "$(TARGET_NAME)";
				SWIFT_EMIT_LOC_STRINGS = YES;
				SWIFT_VERSION = 5.0;
				TARGETED_DEVICE_FAMILY = "1,2";
			};
			name = Release;
		};
		5279F8FD2AE16B2200BF57A9 /* Debug */ = {
			isa = XCBuildConfiguration;
			buildSettings = {
				ALWAYS_EMBED_SWIFT_STANDARD_LIBRARIES = YES;
				BUNDLE_LOADER = "$(TEST_HOST)";
				CODE_SIGN_STYLE = Automatic;
				CURRENT_PROJECT_VERSION = 1;
				DEVELOPMENT_TEAM = K55EW783KQ;
				GENERATE_INFOPLIST_FILE = YES;
				IPHONEOS_DEPLOYMENT_TARGET = 17.0;
				MARKETING_VERSION = 1.0;
				PRODUCT_BUNDLE_IDENTIFIER = tv.iptelevision.DropDownControlTests;
				PRODUCT_NAME = "$(TARGET_NAME)";
				SWIFT_EMIT_LOC_STRINGS = NO;
				SWIFT_VERSION = 5.0;
				TARGETED_DEVICE_FAMILY = "1,2";
				TEST_HOST = "$(BUILT_PRODUCTS_DIR)/DropDownControl.app/$(BUNDLE_EXECUTABLE_FOLDER_PATH)/DropDownControl";
			};
			name = Debug;
		};
		5279F8FE2AE16B2200BF57A9 /* Release */ = {
			isa = XCBuildConfiguration;
			buildSettings = {
				ALWAYS_EMBED_SWIFT_STANDARD_LIBRARIES = YES;
				BUNDLE_LOADER = "$(TEST_HOST)";
				CODE_SIGN_STYLE = Automatic;
				CURRENT_PROJECT_VERSION = 1;
				DEVELOPMENT_TEAM = K55EW783KQ;
				GENERATE_INFOPLIST_FILE = YES;
				IPHONEOS_DEPLOYMENT_TARGET = 17.0;
				MARKETING_VERSION = 1.0;
				PRODUCT_BUNDLE_IDENTIFIER = tv.iptelevision.DropDownControlTests;
				PRODUCT_NAME = "$(TARGET_NAME)";
				SWIFT_EMIT_LOC_STRINGS = NO;
				SWIFT_VERSION = 5.0;
				TARGETED_DEVICE_FAMILY = "1,2";
				TEST_HOST = "$(BUILT_PRODUCTS_DIR)/DropDownControl.app/$(BUNDLE_EXECUTABLE_FOLDER_PATH)/DropDownControl";
			};
			name = Release;
		};
		5279F9002AE16B2200BF57A9 /* Debug */ = {
			isa = XCBuildConfiguration;
			buildSettings = {
				ALWAYS_EMBED_SWIFT_STANDARD_LIBRARIES = YES;
				CODE_SIGN_STYLE = Automatic;
				CURRENT_PROJECT_VERSION = 1;
				DEVELOPMENT_TEAM = K55EW783KQ;
				GENERATE_INFOPLIST_FILE = YES;
				MARKETING_VERSION = 1.0;
				PRODUCT_BUNDLE_IDENTIFIER = tv.iptelevision.DropDownControlUITests;
				PRODUCT_NAME = "$(TARGET_NAME)";
				SWIFT_EMIT_LOC_STRINGS = NO;
				SWIFT_VERSION = 5.0;
				TARGETED_DEVICE_FAMILY = "1,2";
				TEST_TARGET_NAME = DropDownControl;
			};
			name = Debug;
		};
		5279F9012AE16B2200BF57A9 /* Release */ = {
			isa = XCBuildConfiguration;
			buildSettings = {
				ALWAYS_EMBED_SWIFT_STANDARD_LIBRARIES = YES;
				CODE_SIGN_STYLE = Automatic;
				CURRENT_PROJECT_VERSION = 1;
				DEVELOPMENT_TEAM = K55EW783KQ;
				GENERATE_INFOPLIST_FILE = YES;
				MARKETING_VERSION = 1.0;
				PRODUCT_BUNDLE_IDENTIFIER = tv.iptelevision.DropDownControlUITests;
				PRODUCT_NAME = "$(TARGET_NAME)";
				SWIFT_EMIT_LOC_STRINGS = NO;
				SWIFT_VERSION = 5.0;
				TARGETED_DEVICE_FAMILY = "1,2";
				TEST_TARGET_NAME = DropDownControl;
			};
			name = Release;
		};
/* End XCBuildConfiguration section */

/* Begin XCConfigurationList section */
		5279F8CA2AE16B2000BF57A9 /* Build configuration list for PBXProject "DropDownControl" */ = {
			isa = XCConfigurationList;
			buildConfigurations = (
				5279F8F72AE16B2200BF57A9 /* Debug */,
				5279F8F82AE16B2200BF57A9 /* Release */,
			);
			defaultConfigurationIsVisible = 0;
			defaultConfigurationName = Release;
		};
		5279F8F92AE16B2200BF57A9 /* Build configuration list for PBXNativeTarget "DropDownControl" */ = {
			isa = XCConfigurationList;
			buildConfigurations = (
				5279F8FA2AE16B2200BF57A9 /* Debug */,
				5279F8FB2AE16B2200BF57A9 /* Release */,
			);
			defaultConfigurationIsVisible = 0;
			defaultConfigurationName = Release;
		};
		5279F8FC2AE16B2200BF57A9 /* Build configuration list for PBXNativeTarget "DropDownControlTests" */ = {
			isa = XCConfigurationList;
			buildConfigurations = (
				5279F8FD2AE16B2200BF57A9 /* Debug */,
				5279F8FE2AE16B2200BF57A9 /* Release */,
			);
			defaultConfigurationIsVisible = 0;
			defaultConfigurationName = Release;
		};
		5279F8FF2AE16B2200BF57A9 /* Build configuration list for PBXNativeTarget "DropDownControlUITests" */ = {
			isa = XCConfigurationList;
			buildConfigurations = (
				5279F9002AE16B2200BF57A9 /* Debug */,
				5279F9012AE16B2200BF57A9 /* Release */,
			);
			defaultConfigurationIsVisible = 0;
			defaultConfigurationName = Release;
		};
/* End XCConfigurationList section */
	};
	rootObject = 5279F8C72AE16B2000BF57A9 /* Project object */;
}
